
Microsoft Visual Studio Solution File, Format Version 12.00
# Visual Studio Version 17
VisualStudioVersion = 17.8.34330.188
MinimumVisualStudioVersion = 10.0.40219.1
Project("{FAE04EC0-301F-11D3-BF4B-00C04F79EFBC}") = "WebImmobilier", "WebImmobilier\WebImmobilier.csproj", "{1A3B05D0-6DFC-4ED9-BA1A-8045DA18E85F}"
EndProject
Global
	GlobalSection(SolutionConfigurationPlatforms) = preSolution
		Debug|Any CPU = Debug|Any CPU
		Release|Any CPU = Release|Any CPU
	EndGlobalSection
	GlobalSection(ProjectConfigurationPlatforms) = postSolution
		{1A3B05D0-6DFC-4ED9-BA1A-8045DA18E85F}.Debug|Any CPU.ActiveCfg = Debug|Any CPU
		{1A3B05D0-6DFC-4ED9-BA1A-8045DA18E85F}.Debug|Any CPU.Build.0 = Debug|Any CPU
		{1A3B05D0-6DFC-4ED9-BA1A-8045DA18E85F}.Release|Any CPU.ActiveCfg = Release|Any CPU
		{1A3B05D0-6DFC-4ED9-BA1A-8045DA18E85F}.Release|Any CPU.Build.0 = Release|Any CPU
	EndGlobalSection
	GlobalSection(SolutionProperties) = preSolution
		HideSolutionNode = FALSE
	EndGlobalSection
	GlobalSection(ExtensibilityGlobals) = postSolution
		SolutionGuid = {6FF5C9EA-3233-4715-9FF4-2BD186E7EC35}
	EndGlobalSection
EndGlobal
